
Microsoft Visual Studio Solution File, Format Version 12.00
# Visual Studio Version 17
VisualStudioVersion = 17.1.32407.343
MinimumVisualStudioVersion = 10.0.40219.1
Project("{FAE04EC0-301F-11D3-BF4B-00C04F79EFBC}") = "задание 2", "задание 2\задание 2.csproj", "{4B409850-C04C-483A-BE7F-542DB8DCB49E}"
EndProject
Global
	GlobalSection(SolutionConfigurationPlatforms) = preSolution
		Debug|Any CPU = Debug|Any CPU
		Release|Any CPU = Release|Any CPU
	EndGlobalSection
	GlobalSection(ProjectConfigurationPlatforms) = postSolution
		{4B409850-C04C-483A-BE7F-542DB8DCB49E}.Debug|Any CPU.ActiveCfg = Debug|Any CPU
		{4B409850-C04C-483A-BE7F-542DB8DCB49E}.Debug|Any CPU.Build.0 = Debug|Any CPU
		{4B409850-C04C-483A-BE7F-542DB8DCB49E}.Release|Any CPU.ActiveCfg = Release|Any CPU
		{4B409850-C04C-483A-BE7F-542DB8DCB49E}.Release|Any CPU.Build.0 = Release|Any CPU
	EndGlobalSection
	GlobalSection(SolutionProperties) = preSolution
		HideSolutionNode = FALSE
	EndGlobalSection
	GlobalSection(ExtensibilityGlobals) = postSolution
		SolutionGuid = {D2CBB705-9F83-47F2-80C7-96288AFDA851}
	EndGlobalSection
EndGlobal
